
Microsoft Visual Studio Solution File, Format Version 12.00
# Visual Studio Version 17
VisualStudioVersion = 17.3.32922.545
MinimumVisualStudioVersion = 10.0.40219.1
Project("{9A19103F-16F7-4668-BE54-9A1E7A4F7556}") = "eva2DWSSDC", "eva2DWSSDC.csproj", "{6D45A02E-7CB3-4F41-BCFD-4E3F28B536E0}"
EndProject
Project("{9A19103F-16F7-4668-BE54-9A1E7A4F7556}") = "DAL", "..\DAL\DAL.csproj", "{B6479142-B75E-4E90-BCD7-C73884E75FEF}"
EndProject
Global
	GlobalSection(SolutionConfigurationPlatforms) = preSolution
		Debug|Any CPU = Debug|Any CPU
		Release|Any CPU = Release|Any CPU
	EndGlobalSection
	GlobalSection(ProjectConfigurationPlatforms) = postSolution
		{6D45A02E-7CB3-4F41-BCFD-4E3F28B536E0}.Debug|Any CPU.ActiveCfg = Debug|Any CPU
		{6D45A02E-7CB3-4F41-BCFD-4E3F28B536E0}.Debug|Any CPU.Build.0 = Debug|Any CPU
		{6D45A02E-7CB3-4F41-BCFD-4E3F28B536E0}.Release|Any CPU.ActiveCfg = Release|Any CPU
		{6D45A02E-7CB3-4F41-BCFD-4E3F28B536E0}.Release|Any CPU.Build.0 = Release|Any CPU
		{B6479142-B75E-4E90-BCD7-C73884E75FEF}.Debug|Any CPU.ActiveCfg = Debug|Any CPU
		{B6479142-B75E-4E90-BCD7-C73884E75FEF}.Debug|Any CPU.Build.0 = Debug|Any CPU
		{B6479142-B75E-4E90-BCD7-C73884E75FEF}.Release|Any CPU.ActiveCfg = Release|Any CPU
		{B6479142-B75E-4E90-BCD7-C73884E75FEF}.Release|Any CPU.Build.0 = Release|Any CPU
	EndGlobalSection
	GlobalSection(SolutionProperties) = preSolution
		HideSolutionNode = FALSE
	EndGlobalSection
	GlobalSection(ExtensibilityGlobals) = postSolution
		SolutionGuid = {CEAB233F-09ED-461F-95FE-AB5162759A9F}
	EndGlobalSection
EndGlobal
